
Microsoft Visual Studio Solution File, Format Version 12.00
# Visual Studio Express 2012 for Windows Desktop
Project("{8BC9CEB8-8B4A-11D0-8D11-00A0C91BC942}") = "icmp", "icmp\icmp.vcxproj", "{9C2FCC1E-4C4E-45CA-AF3D-F839C26E592F}"
EndProject
Project("{8BC9CEB8-8B4A-11D0-8D11-00A0C91BC942}") = "acmp", "acmp\acmp.vcxproj", "{A523B0CA-B6BE-4DE0-88C3-5D1B06979CBF}"
EndProject
Project("{8BC9CEB8-8B4A-11D0-8D11-00A0C91BC942}") = "rcmp", "rcmp\rcmp.vcxproj", "{2AC4AC37-2C3B-4061-A6D9-841B6F0F8664}"
EndProject
Project("{8BC9CEB8-8B4A-11D0-8D11-00A0C91BC942}") = "caseicmp", "caseicmp\caseicmp.vcxproj", "{C339C669-31F0-4FE3-94C7-F43F6B55A196}"
EndProject
Project("{8BC9CEB8-8B4A-11D0-8D11-00A0C91BC942}") = "casencmp", "casencmp\casencmp.vcxproj", "{1E7FADF3-A6AB-498C-B5C9-4032C1DCF9C8}"
EndProject
Project("{8BC9CEB8-8B4A-11D0-8D11-00A0C91BC942}") = "casewcmp", "casewcmp\casewcmp.vcxproj", "{E4D0BB53-A46A-4484-B9FF-64C15009717F}"
EndProject
Project("{8BC9CEB8-8B4A-11D0-8D11-00A0C91BC942}") = "dcmp", "dcmp\dcmp.vcxproj", "{7203BB2F-D881-4075-900B-1BD65972ACB5}"
EndProject
Project("{8BC9CEB8-8B4A-11D0-8D11-00A0C91BC942}") = "fcmp", "fcmp\fcmp.vcxproj", "{293E15C2-C321-4E3F-89CD-26E710A94AC1}"
EndProject
Project("{8BC9CEB8-8B4A-11D0-8D11-00A0C91BC942}") = "hcmp", "hcmp\hcmp.vcxproj", "{A5C52630-54A2-4654-84BF-6B65F1BA6503}"
EndProject
Project("{8BC9CEB8-8B4A-11D0-8D11-00A0C91BC942}") = "lcmp", "lcmp\lcmp.vcxproj", "{BC88270C-6C2F-4FA7-9C51-AA1921ECE5FB}"
EndProject
Project("{8BC9CEB8-8B4A-11D0-8D11-00A0C91BC942}") = "ncmp", "ncmp\ncmp.vcxproj", "{29EFCF64-BF7B-44AD-A70F-18DF93899D70}"
EndProject
Project("{8BC9CEB8-8B4A-11D0-8D11-00A0C91BC942}") = "nyesno", "nyesno\nyesno.vcxproj", "{6F2F9A85-BF38-4070-82D8-2DAED11DF7D2}"
EndProject
Project("{8BC9CEB8-8B4A-11D0-8D11-00A0C91BC942}") = "pointscmp", "pointscmp\pointscmp.vcxproj", "{60AEB9A7-4B89-4A1B-9579-41D1E1337116}"
EndProject
Project("{8BC9CEB8-8B4A-11D0-8D11-00A0C91BC942}") = "rcmp4", "rcmp4\rcmp4.vcxproj", "{A298241B-5A22-49DA-8FC6-C648537BF45E}"
EndProject
Project("{8BC9CEB8-8B4A-11D0-8D11-00A0C91BC942}") = "rcmp6", "rcmp6\rcmp6.vcxproj", "{A1C72A5D-1CD2-4D1E-81E6-2010C434FB4F}"
EndProject
Project("{8BC9CEB8-8B4A-11D0-8D11-00A0C91BC942}") = "rcmp9", "rcmp9\rcmp9.vcxproj", "{AE099426-8E57-41AA-AE55-C7A4BA39752A}"
EndProject
Project("{8BC9CEB8-8B4A-11D0-8D11-00A0C91BC942}") = "rncmp", "rncmp\rncmp.vcxproj", "{1DB829B2-AA21-47E8-834F-4DC5DF95AD3F}"
EndProject
Project("{8BC9CEB8-8B4A-11D0-8D11-00A0C91BC942}") = "uncmp", "uncmp\uncmp.vcxproj", "{0AD01CFD-5B86-4755-8F68-D9D88113451F}"
EndProject
Project("{8BC9CEB8-8B4A-11D0-8D11-00A0C91BC942}") = "wcmp", "wcmp\wcmp.vcxproj", "{6AB6447A-FADA-4D55-AF29-492B20EC59F0}"
EndProject
Project("{8BC9CEB8-8B4A-11D0-8D11-00A0C91BC942}") = "yesno", "yesno\yesno.vcxproj", "{C7CE7F71-494F-4C67-B036-2DFF6E1A193C}"
EndProject
Global
	GlobalSection(SolutionConfigurationPlatforms) = preSolution
		Debug|Win32 = Debug|Win32
		Release|Win32 = Release|Win32
	EndGlobalSection
	GlobalSection(ProjectConfigurationPlatforms) = postSolution
		{9C2FCC1E-4C4E-45CA-AF3D-F839C26E592F}.Debug|Win32.ActiveCfg = Debug|Win32
		{9C2FCC1E-4C4E-45CA-AF3D-F839C26E592F}.Debug|Win32.Build.0 = Debug|Win32
		{9C2FCC1E-4C4E-45CA-AF3D-F839C26E592F}.Release|Win32.ActiveCfg = Release|Win32
		{9C2FCC1E-4C4E-45CA-AF3D-F839C26E592F}.Release|Win32.Build.0 = Release|Win32
		{A523B0CA-B6BE-4DE0-88C3-5D1B06979CBF}.Debug|Win32.ActiveCfg = Debug|Win32
		{A523B0CA-B6BE-4DE0-88C3-5D1B06979CBF}.Debug|Win32.Build.0 = Debug|Win32
		{A523B0CA-B6BE-4DE0-88C3-5D1B06979CBF}.Release|Win32.ActiveCfg = Release|Win32
		{A523B0CA-B6BE-4DE0-88C3-5D1B06979CBF}.Release|Win32.Build.0 = Release|Win32
		{2AC4AC37-2C3B-4061-A6D9-841B6F0F8664}.Debug|Win32.ActiveCfg = Debug|Win32
		{2AC4AC37-2C3B-4061-A6D9-841B6F0F8664}.Debug|Win32.Build.0 = Debug|Win32
		{2AC4AC37-2C3B-4061-A6D9-841B6F0F8664}.Release|Win32.ActiveCfg = Release|Win32
		{2AC4AC37-2C3B-4061-A6D9-841B6F0F8664}.Release|Win32.Build.0 = Release|Win32
		{C339C669-31F0-4FE3-94C7-F43F6B55A196}.Debug|Win32.ActiveCfg = Debug|Win32
		{C339C669-31F0-4FE3-94C7-F43F6B55A196}.Debug|Win32.Build.0 = Debug|Win32
		{C339C669-31F0-4FE3-94C7-F43F6B55A196}.Release|Win32.ActiveCfg = Release|Win32
		{C339C669-31F0-4FE3-94C7-F43F6B55A196}.Release|Win32.Build.0 = Release|Win32
		{1E7FADF3-A6AB-498C-B5C9-4032C1DCF9C8}.Debug|Win32.ActiveCfg = Debug|Win32
		{1E7FADF3-A6AB-498C-B5C9-4032C1DCF9C8}.Debug|Win32.Build.0 = Debug|Win32
		{1E7FADF3-A6AB-498C-B5C9-4032C1DCF9C8}.Release|Win32.ActiveCfg = Release|Win32
		{1E7FADF3-A6AB-498C-B5C9-4032C1DCF9C8}.Release|Win32.Build.0 = Release|Win32
		{E4D0BB53-A46A-4484-B9FF-64C15009717F}.Debug|Win32.ActiveCfg = Debug|Win32
		{E4D0BB53-A46A-4484-B9FF-64C15009717F}.Debug|Win32.Build.0 = Debug|Win32
		{E4D0BB53-A46A-4484-B9FF-64C15009717F}.Release|Win32.ActiveCfg = Release|Win32
		{E4D0BB53-A46A-4484-B9FF-64C15009717F}.Release|Win32.Build.0 = Release|Win32
		{7203BB2F-D881-4075-900B-1BD65972ACB5}.Debug|Win32.ActiveCfg = Debug|Win32
		{7203BB2F-D881-4075-900B-1BD65972ACB5}.Debug|Win32.Build.0 = Debug|Win32
		{7203BB2F-D881-4075-900B-1BD65972ACB5}.Release|Win32.ActiveCfg = Release|Win32
		{7203BB2F-D881-4075-900B-1BD65972ACB5}.Release|Win32.Build.0 = Release|Win32
		{293E15C2-C321-4E3F-89CD-26E710A94AC1}.Debug|Win32.ActiveCfg = Debug|Win32
		{293E15C2-C321-4E3F-89CD-26E710A94AC1}.Debug|Win32.Build.0 = Debug|Win32
		{293E15C2-C321-4E3F-89CD-26E710A94AC1}.Release|Win32.ActiveCfg = Release|Win32
		{293E15C2-C321-4E3F-89CD-26E710A94AC1}.Release|Win32.Build.0 = Release|Win32
		{A5C52630-54A2-4654-84BF-6B65F1BA6503}.Debug|Win32.ActiveCfg = Debug|Win32
		{A5C52630-54A2-4654-84BF-6B65F1BA6503}.Debug|Win32.Build.0 = Debug|Win32
		{A5C52630-54A2-4654-84BF-6B65F1BA6503}.Release|Win32.ActiveCfg = Release|Win32
		{A5C52630-54A2-4654-84BF-6B65F1BA6503}.Release|Win32.Build.0 = Release|Win32
		{BC88270C-6C2F-4FA7-9C51-AA1921ECE5FB}.Debug|Win32.ActiveCfg = Debug|Win32
		{BC88270C-6C2F-4FA7-9C51-AA1921ECE5FB}.Debug|Win32.Build.0 = Debug|Win32
		{BC88270C-6C2F-4FA7-9C51-AA1921ECE5FB}.Release|Win32.ActiveCfg = Release|Win32
		{BC88270C-6C2F-4FA7-9C51-AA1921ECE5FB}.Release|Win32.Build.0 = Release|Win32
		{29EFCF64-BF7B-44AD-A70F-18DF93899D70}.Debug|Win32.ActiveCfg = Debug|Win32
		{29EFCF64-BF7B-44AD-A70F-18DF93899D70}.Debug|Win32.Build.0 = Debug|Win32
		{29EFCF64-BF7B-44AD-A70F-18DF93899D70}.Release|Win32.ActiveCfg = Release|Win32
		{29EFCF64-BF7B-44AD-A70F-18DF93899D70}.Release|Win32.Build.0 = Release|Win32
		{6F2F9A85-BF38-4070-82D8-2DAED11DF7D2}.Debug|Win32.ActiveCfg = Debug|Win32
		{6F2F9A85-BF38-4070-82D8-2DAED11DF7D2}.Debug|Win32.Build.0 = Debug|Win32
		{6F2F9A85-BF38-4070-82D8-2DAED11DF7D2}.Release|Win32.ActiveCfg = Release|Win32
		{6F2F9A85-BF38-4070-82D8-2DAED11DF7D2}.Release|Win32.Build.0 = Release|Win32
		{60AEB9A7-4B89-4A1B-9579-41D1E1337116}.Debug|Win32.ActiveCfg = Debug|Win32
		{60AEB9A7-4B89-4A1B-9579-41D1E1337116}.Debug|Win32.Build.0 = Debug|Win32
		{60AEB9A7-4B89-4A1B-9579-41D1E1337116}.Release|Win32.ActiveCfg = Release|Win32
		{60AEB9A7-4B89-4A1B-9579-41D1E1337116}.Release|Win32.Build.0 = Release|Win32
		{A298241B-5A22-49DA-8FC6-C648537BF45E}.Debug|Win32.ActiveCfg = Debug|Win32
		{A298241B-5A22-49DA-8FC6-C648537BF45E}.Debug|Win32.Build.0 = Debug|Win32
		{A298241B-5A22-49DA-8FC6-C648537BF45E}.Release|Win32.ActiveCfg = Release|Win32
		{A298241B-5A22-49DA-8FC6-C648537BF45E}.Release|Win32.Build.0 = Release|Win32
		{A1C72A5D-1CD2-4D1E-81E6-2010C434FB4F}.Debug|Win32.ActiveCfg = Debug|Win32
		{A1C72A5D-1CD2-4D1E-81E6-2010C434FB4F}.Debug|Win32.Build.0 = Debug|Win32
		{A1C72A5D-1CD2-4D1E-81E6-2010C434FB4F}.Release|Win32.ActiveCfg = Release|Win32
		{A1C72A5D-1CD2-4D1E-81E6-2010C434FB4F}.Release|Win32.Build.0 = Release|Win32
		{AE099426-8E57-41AA-AE55-C7A4BA39752A}.Debug|Win32.ActiveCfg = Debug|Win32
		{AE099426-8E57-41AA-AE55-C7A4BA39752A}.Debug|Win32.Build.0 = Debug|Win32
		{AE099426-8E57-41AA-AE55-C7A4BA39752A}.Release|Win32.ActiveCfg = Release|Win32
		{AE099426-8E57-41AA-AE55-C7A4BA39752A}.Release|Win32.Build.0 = Release|Win32
		{1DB829B2-AA21-47E8-834F-4DC5DF95AD3F}.Debug|Win32.ActiveCfg = Debug|Win32
		{1DB829B2-AA21-47E8-834F-4DC5DF95AD3F}.Debug|Win32.Build.0 = Debug|Win32
		{1DB829B2-AA21-47E8-834F-4DC5DF95AD3F}.Release|Win32.ActiveCfg = Release|Win32
		{1DB829B2-AA21-47E8-834F-4DC5DF95AD3F}.Release|Win32.Build.0 = Release|Win32
		{0AD01CFD-5B86-4755-8F68-D9D88113451F}.Debug|Win32.ActiveCfg = Debug|Win32
		{0AD01CFD-5B86-4755-8F68-D9D88113451F}.Debug|Win32.Build.0 = Debug|Win32
		{0AD01CFD-5B86-4755-8F68-D9D88113451F}.Release|Win32.ActiveCfg = Release|Win32
		{0AD01CFD-5B86-4755-8F68-D9D88113451F}.Release|Win32.Build.0 = Release|Win32
		{6AB6447A-FADA-4D55-AF29-492B20EC59F0}.Debug|Win32.ActiveCfg = Debug|Win32
		{6AB6447A-FADA-4D55-AF29-492B20EC59F0}.Debug|Win32.Build.0 = Debug|Win32
		{6AB6447A-FADA-4D55-AF29-492B20EC59F0}.Release|Win32.ActiveCfg = Release|Win32
		{6AB6447A-FADA-4D55-AF29-492B20EC59F0}.Release|Win32.Build.0 = Release|Win32
		{C7CE7F71-494F-4C67-B036-2DFF6E1A193C}.Debug|Win32.ActiveCfg = Debug|Win32
		{C7CE7F71-494F-4C67-B036-2DFF6E1A193C}.Debug|Win32.Build.0 = Debug|Win32
		{C7CE7F71-494F-4C67-B036-2DFF6E1A193C}.Release|Win32.ActiveCfg = Release|Win32
		{C7CE7F71-494F-4C67-B036-2DFF6E1A193C}.Release|Win32.Build.0 = Release|Win32
	EndGlobalSection
	GlobalSection(SolutionProperties) = preSolution
		HideSolutionNode = FALSE
	EndGlobalSection
EndGlobal
